// !$*UTF8*$!
{
	archiveVersion = 1;
	classes = {
	};
	objectVersion = 46;
	objects = {

/* Begin PBXBuildFile section */
		6257FC9D1E04EFD0004FEAFC /* AppDelegate.swift in Sources */ = {isa = PBXBuildFile; fileRef = 6257FC9C1E04EFD0004FEAFC /* AppDelegate.swift */; };
		6257FC9F1E04EFD0004FEAFC /* ViewController.swift in Sources */ = {isa = PBXBuildFile; fileRef = 6257FC9E1E04EFD0004FEAFC /* ViewController.swift */; };
		6257FCA21E04EFD0004FEAFC /* Main.storyboard in Resources */ = {isa = PBXBuildFile; fileRef = 6257FCA01E04EFD0004FEAFC /* Main.storyboard */; };
		6257FCA41E04EFD0004FEAFC /* Assets.xcassets in Resources */ = {isa = PBXBuildFile; fileRef = 6257FCA31E04EFD0004FEAFC /* Assets.xcassets */; };
		6257FCA71E04EFD0004FEAFC /* LaunchScreen.storyboard in Resources */ = {isa = PBXBuildFile; fileRef = 6257FCA51E04EFD0004FEAFC /* LaunchScreen.storyboard */; };
		62F4483B1E05D26E00D7C0F0 /* Weather.swift in Sources */ = {isa = PBXBuildFile; fileRef = 62F4483A1E05D26E00D7C0F0 /* Weather.swift */; };
/* End PBXBuildFile section */

/* Begin PBXFileReference section */
		6257FC991E04EFD0004FEAFC /* WeatherProject.app */ = {isa = PBXFileReference; explicitFileType = wrapper.application; includeInIndex = 0; path = WeatherProject.app; sourceTree = BUILT_PRODUCTS_DIR; };
		6257FC9C1E04EFD0004FEAFC /* AppDelegate.swift */ = {isa = PBXFileReference; lastKnownFileType = sourcecode.swift; path = AppDelegate.swift; sourceTree = "<group>"; };
		6257FC9E1E04EFD0004FEAFC /* ViewController.swift */ = {isa = PBXFileReference; lastKnownFileType = sourcecode.swift; path = ViewController.swift; sourceTree = "<group>"; };
		6257FCA11E04EFD0004FEAFC /* Base */ = {isa = PBXFileReference; lastKnownFileType = file.storyboard; name = Base; path = Base.lproj/Main.storyboard; sourceTree = "<group>"; };
		6257FCA31E04EFD0004FEAFC /* Assets.xcassets */ = {isa = PBXFileReference; lastKnownFileType = folder.assetcatalog; path = Assets.xcassets; sourceTree = "<group>"; };
		6257FCA61E04EFD0004FEAFC /* Base */ = {isa = PBXFileReference; lastKnownFileType = file.storyboard; name = Base; path = Base.lproj/LaunchScreen.storyboard; sourceTree = "<group>"; };
		6257FCA81E04EFD0004FEAFC /* Info.plist */ = {isa = PBXFileReference; lastKnownFileType = text.plist.xml; path = Info.plist; sourceTree = "<group>"; };
		62F4483A1E05D26E00D7C0F0 /* Weather.swift */ = {isa = PBXFileReference; fileEncoding = 4; lastKnownFileType = sourcecode.swift; path = Weather.swift; sourceTree = "<group>"; };
/* End PBXFileReference section */

/* Begin PBXFrameworksBuildPhase section */
		6257FC961E04EFCF004FEAFC /* Frameworks */ = {
			isa = PBXFrameworksBuildPhase;
			buildActionMask = 2147483647;
			files = (
			);
			runOnlyForDeploymentPostprocessing = 0;
		};
/* End PBXFrameworksBuildPhase section */

/* Begin PBXGroup section */
		6257FC901E04EFCF004FEAFC = {
			isa = PBXGroup;
			children = (
				6257FC9B1E04EFD0004FEAFC /* WeatherProject */,
				6257FC9A1E04EFD0004FEAFC /* Products */,
			);
			sourceTree = "<group>";
		};
		6257FC9A1E04EFD0004FEAFC /* Products */ = {
			isa = PBXGroup;
			children = (
				6257FC991E04EFD0004FEAFC /* WeatherProject.app */,
			);
			name = Products;
			sourceTree = "<group>";
		};
		6257FC9B1E04EFD0004FEAFC /* WeatherProject */ = {
			isa = PBXGroup;
			children = (
				62F4483E1E05D5E800D7C0F0 /* Controller */,
				62F4483D1E05D5E000D7C0F0 /* Model */,
				62F4483C1E05D5D700D7C0F0 /* View */,
				6257FC9C1E04EFD0004FEAFC /* AppDelegate.swift */,
				6257FCA31E04EFD0004FEAFC /* Assets.xcassets */,
				6257FCA51E04EFD0004FEAFC /* LaunchScreen.storyboard */,
				6257FCA81E04EFD0004FEAFC /* Info.plist */,
			);
			path = WeatherProject;
			sourceTree = "<group>";
		};
		62F4483C1E05D5D700D7C0F0 /* View */ = {
			isa = PBXGroup;
			children = (
				6257FCA01E04EFD0004FEAFC /* Main.storyboard */,
			);
			name = View;
			sourceTree = "<group>";
		};
		62F4483D1E05D5E000D7C0F0 /* Model */ = {
			isa = PBXGroup;
			children = (
				62F4483A1E05D26E00D7C0F0 /* Weather.swift */,
			);
			name = Model;
			sourceTree = "<group>";
		};
		62F4483E1E05D5E800D7C0F0 /* Controller */ = {
			isa = PBXGroup;
			children = (
				6257FC9E1E04EFD0004FEAFC /* ViewController.swift */,
			);
			name = Controller;
			sourceTree = "<group>";
		};
/* End PBXGroup section */

/* Begin PBXNativeTarget section */
		6257FC981E04EFCF004FEAFC /* WeatherProject */ = {
			isa = PBXNativeTarget;
			buildConfigurationList = 6257FCAB1E04EFD0004FEAFC /* Build configuration list for PBXNativeTarget "WeatherProject" */;
			buildPhases = (
				6257FC951E04EFCF004FEAFC /* Sources */,
				6257FC961E04EFCF004FEAFC /* Frameworks */,
				6257FC971E04EFCF004FEAFC /* Resources */,
			);
			buildRules = (
			);
			dependencies = (
			);
			name = WeatherProject;
			productName = WeatherProject;
			productReference = 6257FC991E04EFD0004FEAFC /* WeatherProject.app */;
			productType = "com.apple.product-type.application";
		};
/* End PBXNativeTarget section */

/* Begin PBXProject section */
		6257FC911E04EFCF004FEAFC /* Project object */ = {
			isa = PBXProject;
			attributes = {
				LastSwiftUpdateCheck = 0820;
				LastUpgradeCheck = 0820;
				ORGANIZATIONNAME = "Anan Lappikulthong";
				TargetAttributes = {
					6257FC981E04EFCF004FEAFC = {
						CreatedOnToolsVersion = 8.2;
						ProvisioningStyle = Automatic;
					};
				};
			};
			buildConfigurationList = 6257FC941E04EFCF004FEAFC /* Build configuration list for PBXProject "WeatherProject" */;
			compatibilityVersion = "Xcode 3.2";
			developmentRegion = English;
			hasScannedForEncodings = 0;
			knownRegions = (
				en,
				Base,
			);
			mainGroup = 6257FC901E04EFCF004FEAFC;
			productRefGroup = 6257FC9A1E04EFD0004FEAFC /* Products */;
			projectDirPath = "";
			projectRoot = "";
			targets = (
				6257FC981E04EFCF004FEAFC /* WeatherProject */,
			);
		};
/* End PBXProject section */

/* Begin PBXResourcesBuildPhase section */
		6257FC971E04EFCF004FEAFC /* Resources */ = {
			isa = PBXResourcesBuildPhase;
			buildActionMask = 2147483647;
			files = (
				6257FCA71E04EFD0004FEAFC /* LaunchScreen.storyboard in Resources */,
				6257FCA41E04EFD0004FEAFC /* Assets.xcassets in Resources */,
				6257FCA21E04EFD0004FEAFC /* Main.storyboard in Resources */,
			);
			runOnlyForDeploymentPostprocessing = 0;
		};
/* End PBXResourcesBuildPhase section */

/* Begin PBXSourcesBuildPhase section */
		6257FC951E04EFCF004FEAFC /* Sources */ = {
			isa = PBXSourcesBuildPhase;
			buildActionMask = 2147483647;
			files = (
				6257FC9F1E04EFD0004FEAFC /* ViewController.swift in Sources */,
				62F4483B1E05D26E00D7C0F0 /* Weather.swift in Sources */,
				6257FC9D1E04EFD0004FEAFC /* AppDelegate.swift in Sources */,
			);
			runOnlyForDeploymentPostprocessing = 0;
		};
/* End PBXSourcesBuildPhase section */

/* Begin PBXVariantGroup section */
		6257FCA01E04EFD0004FEAFC /* Main.storyboard */ = {
			isa = PBXVariantGroup;
			children = (
				6257FCA11E04EFD0004FEAFC /* Base */,
			);
			name = Main.storyboard;
			sourceTree = "<group>";
		};
		6257FCA51E04EFD0004FEAFC /* LaunchScreen.storyboard */ = {
			isa = PBXVariantGroup;
			children = (
				6257FCA61E04EFD0004FEAFC /* Base */,
			);
			name = LaunchScreen.storyboard;
			sourceTree = "<group>";
		};
/* End PBXVariantGroup section */

/* Begin XCBuildConfiguration section */
		6257FCA91E04EFD0004FEAFC /* Debug */ = {
			isa = XCBuildConfiguration;
			buildSettings = {
				ALWAYS_SEARCH_USER_PATHS = NO;
				CLANG_ANALYZER_NONNULL = YES;
				CLANG_CXX_LANGUAGE_STANDARD = "gnu++0x";
				CLANG_CXX_LIBRARY = "libc++";
				CLANG_ENABLE_MODULES = YES;
				CLANG_ENABLE_OBJC_ARC = YES;
				CLANG_WARN_BOOL_CONVERSION = YES;
				CLANG_WARN_CONSTANT_CONVERSION = YES;
				CLANG_WARN_DIRECT_OBJC_ISA_USAGE = YES_ERROR;
				CLANG_WARN_DOCUMENTATION_COMMENTS = YES;
				CLANG_WARN_EMPTY_BODY = YES;
				CLANG_WARN_ENUM_CONVERSION = YES;
				CLANG_WARN_INFINITE_RECURSION = YES;
				CLANG_WARN_INT_CONVERSION = YES;
				CLANG_WARN_OBJC_ROOT_CLASS = YES_ERROR;
				CLANG_WARN_SUSPICIOUS_MOVE = YES;
				CLANG_WARN_UNREACHABLE_CODE = YES;
				CLANG_WARN__DUPLICATE_METHOD_MATCH = YES;
				"CODE_SIGN_IDENTITY[sdk=iphoneos*]" = "iPhone Developer";
				COPY_PHASE_STRIP = NO;
				DEBUG_INFORMATION_FORMAT = dwarf;
				ENABLE_STRICT_OBJC_MSGSEND = YES;
				ENABLE_TESTABILITY = YES;
				GCC_C_LANGUAGE_STANDARD = gnu99;
				GCC_DYNAMIC_NO_PIC = NO;
				GCC_NO_COMMON_BLOCKS = YES;
				GCC_OPTIMIZATION_LEVEL = 0;
				GCC_PREPROCESSOR_DEFINITIONS = (
					"DEBUG=1",
					"$(inherited)",
				);
				GCC_WARN_64_TO_32_BIT_CONVERSION = YES;
				GCC_WARN_ABOUT_RETURN_TYPE = YES_ERROR;
				GCC_WARN_UNDECLARED_SELECTOR = YES;
				GCC_WARN_UNINITIALIZED_AUTOS = YES_AGGRESSIVE;
				GCC_WARN_UNUSED_FUNCTION = YES;
				GCC_WARN_UNUSED_VARIABLE = YES;
				IPHONEOS_DEPLOYMENT_TARGET = 10.2;
				MTL_ENABLE_DEBUG_INFO = YES;
				ONLY_ACTIVE_ARCH = YES;
				SDKROOT = iphoneos;
				SWIFT_ACTIVE_COMPILATION_CONDITIONS = DEBUG;
				SWIFT_OPTIMIZATION_LEVEL = "-Onone";
				TARGETED_DEVICE_FAMILY = "1,2";
			};
			name = Debug;
		};
		6257FCAA1E04EFD0004FEAFC /* Release */ = {
			isa = XCBuildConfiguration;
			buildSettings = {
				ALWAYS_SEARCH_USER_PATHS = NO;
				CLANG_ANALYZER_NONNULL = YES;
				CLANG_CXX_LANGUAGE_STANDARD = "gnu++0x";
				CLANG_CXX_LIBRARY = "libc++";
				CLANG_ENABLE_MODULES = YES;
				CLANG_ENABLE_OBJC_ARC = YES;
				CLANG_WARN_BOOL_CONVERSION = YES;
				CLANG_WARN_CONSTANT_CONVERSION = YES;
				CLANG_WARN_DIRECT_OBJC_ISA_USAGE = YES_ERROR;
				CLANG_WARN_DOCUMENTATION_COMMENTS = YES;
				CLANG_WARN_EMPTY_BODY = YES;
				CLANG_WARN_ENUM_CONVERSION = YES;
				CLANG_WARN_INFINITE_RECURSION = YES;
				CLANG_WARN_INT_CONVERSION = YES;
				CLANG_WARN_OBJC_ROOT_CLASS = YES_ERROR;
				CLANG_WARN_SUSPICIOUS_MOVE = YES;
				CLANG_WARN_UNREACHABLE_CODE = YES;
				CLANG_WARN__DUPLICATE_METHOD_MATCH = YES;
				"CODE_SIGN_IDENTITY[sdk=iphoneos*]" = "iPhone Developer";
				COPY_PHASE_STRIP = NO;
				DEBUG_INFORMATION_FORMAT = "dwarf-with-dsym";
				ENABLE_NS_ASSERTIONS = NO;
				ENABLE_STRICT_OBJC_MSGSEND = YES;
				GCC_C_LANGUAGE_STANDARD = gnu99;
				GCC_NO_COMMON_BLOCKS = YES;
				GCC_WARN_64_TO_32_BIT_CONVERSION = YES;
				GCC_WARN_ABOUT_RETURN_TYPE = YES_ERROR;
				GCC_WARN_UNDECLARED_SELECTOR = YES;
				GCC_WARN_UNINITIALIZED_AUTOS = YES_AGGRESSIVE;
				GCC_WARN_UNUSED_FUNCTION = YES;
				GCC_WARN_UNUSED_VARIABLE = YES;
				IPHONEOS_DEPLOYMENT_TARGET = 10.2;
				MTL_ENABLE_DEBUG_INFO = NO;
				SDKROOT = iphoneos;
				SWIFT_OPTIMIZATION_LEVEL = "-Owholemodule";
				TARGETED_DEVICE_FAMILY = "1,2";
				VALIDATE_PRODUCT = YES;
			};
			name = Release;
		};
		6257FCAC1E04EFD0004FEAFC /* Debug */ = {
			isa = XCBuildConfiguration;
			buildSettings = {
				ASSETCATALOG_COMPILER_APPICON_NAME = AppIcon;
				INFOPLIST_FILE = WeatherProject/Info.plist;
				LD_RUNPATH_SEARCH_PATHS = "$(inherited) @executable_path/Frameworks";
				PRODUCT_BUNDLE_IDENTIFIER = Ananlap.WeatherProject;
				PRODUCT_NAME = "$(TARGET_NAME)";
				SWIFT_VERSION = 3.0;
			};
			name = Debug;
		};
		6257FCAD1E04EFD0004FEAFC /* Release */ = {
			isa = XCBuildConfiguration;
			buildSettings = {
				ASSETCATALOG_COMPILER_APPICON_NAME = AppIcon;
				INFOPLIST_FILE = WeatherProject/Info.plist;
				LD_RUNPATH_SEARCH_PATHS = "$(inherited) @executable_path/Frameworks";
				PRODUCT_BUNDLE_IDENTIFIER = Ananlap.WeatherProject;
				PRODUCT_NAME = "$(TARGET_NAME)";
				SWIFT_VERSION = 3.0;
			};
			name = Release;
		};
/* End XCBuildConfiguration section */

/* Begin XCConfigurationList section */
		6257FC941E04EFCF004FEAFC /* Build configuration list for PBXProject "WeatherProject" */ = {
			isa = XCConfigurationList;
			buildConfigurations = (
				6257FCA91E04EFD0004FEAFC /* Debug */,
				6257FCAA1E04EFD0004FEAFC /* Release */,
			);
			defaultConfigurationIsVisible = 0;
			defaultConfigurationName = Release;
		};
		6257FCAB1E04EFD0004FEAFC /* Build configuration list for PBXNativeTarget "WeatherProject" */ = {
			isa = XCConfigurationList;
			buildConfigurations = (
				6257FCAC1E04EFD0004FEAFC /* Debug */,
				6257FCAD1E04EFD0004FEAFC /* Release */,
			);
			defaultConfigurationIsVisible = 0;
			defaultConfigurationName = Release;
		};
/* End XCConfigurationList section */
	};
	rootObject = 6257FC911E04EFCF004FEAFC /* Project object */;
}
